
Microsoft Visual Studio Solution File, Format Version 12.00
# Visual Studio Version 17
VisualStudioVersion = 17.3.32922.545
MinimumVisualStudioVersion = 10.0.40219.1
Project("{8BC9CEB8-8B4A-11D0-8D11-00A0C91BC942}") = "articulos", "articulos.vcxproj", "{BAB06182-B6B8-4309-A6FD-80415CB38238}"
EndProject
Global
	GlobalSection(SolutionConfigurationPlatforms) = preSolution
		Debug|x64 = Debug|x64
		Debug|x86 = Debug|x86
		Release|x64 = Release|x64
		Release|x86 = Release|x86
	EndGlobalSection
	GlobalSection(ProjectConfigurationPlatforms) = postSolution
		{BAB06182-B6B8-4309-A6FD-80415CB38238}.Debug|x64.ActiveCfg = Debug|x64
		{BAB06182-B6B8-4309-A6FD-80415CB38238}.Debug|x64.Build.0 = Debug|x64
		{BAB06182-B6B8-4309-A6FD-80415CB38238}.Debug|x86.ActiveCfg = Debug|Win32
		{BAB06182-B6B8-4309-A6FD-80415CB38238}.Debug|x86.Build.0 = Debug|Win32
		{BAB06182-B6B8-4309-A6FD-80415CB38238}.Release|x64.ActiveCfg = Release|x64
		{BAB06182-B6B8-4309-A6FD-80415CB38238}.Release|x64.Build.0 = Release|x64
		{BAB06182-B6B8-4309-A6FD-80415CB38238}.Release|x86.ActiveCfg = Release|Win32
		{BAB06182-B6B8-4309-A6FD-80415CB38238}.Release|x86.Build.0 = Release|Win32
	EndGlobalSection
	GlobalSection(SolutionProperties) = preSolution
		HideSolutionNode = FALSE
	EndGlobalSection
	GlobalSection(ExtensibilityGlobals) = postSolution
		SolutionGuid = {F2D656B5-4511-4B2F-81F8-D64ABF994894}
	EndGlobalSection
EndGlobal
